// !$*UTF8*$!
{
	archiveVersion = 1;
	classes = {
	};
	objectVersion = 50;
	objects = {

/* Begin PBXBuildFile section */
		8D0C7DC422DA5AFF00692280 /* TextModel.swift in Sources */ = {isa = PBXBuildFile; fileRef = 8D0C7DC322DA5AFF00692280 /* TextModel.swift */; };
		8D0C7DC622DA5B2900692280 /* TestView.swift in Sources */ = {isa = PBXBuildFile; fileRef = 8D0C7DC522DA5B2900692280 /* TestView.swift */; };
		8D0C7DC922DA5FA800692280 /* AddMeButton.swift in Sources */ = {isa = PBXBuildFile; fileRef = 8D0C7DC822DA5FA800692280 /* AddMeButton.swift */; };
		8D13E63B22DC2E7D00BF8D0B /* DishView.swift in Sources */ = {isa = PBXBuildFile; fileRef = 8D13E63A22DC2E7D00BF8D0B /* DishView.swift */; };
		8D13E63D22DC2E9600BF8D0B /* DishModel.swift in Sources */ = {isa = PBXBuildFile; fileRef = 8D13E63C22DC2E9600BF8D0B /* DishModel.swift */; };
		8D1AD94222DBB33400635104 /* RemoveButton.swift in Sources */ = {isa = PBXBuildFile; fileRef = 8D1AD94122DBB33400635104 /* RemoveButton.swift */; };
		8D1AD94422DBB3C400635104 /* RemoveAllButton.swift in Sources */ = {isa = PBXBuildFile; fileRef = 8D1AD94322DBB3C400635104 /* RemoveAllButton.swift */; };
		8D1AD94722DBB52200635104 /* AddMeView.swift in Sources */ = {isa = PBXBuildFile; fileRef = 8D1AD94622DBB52200635104 /* AddMeView.swift */; };
		8D1AD94922DBB5A000635104 /* AddMeModel.swift in Sources */ = {isa = PBXBuildFile; fileRef = 8D1AD94822DBB5A000635104 /* AddMeModel.swift */; };
		8D3B74FF22D42FE500A937F1 /* GridContentView.swift in Sources */ = {isa = PBXBuildFile; fileRef = 8D3B74FE22D42FE500A937F1 /* GridContentView.swift */; };
		8D3B750422D4390E00A937F1 /* ArrayExtention.swift in Sources */ = {isa = PBXBuildFile; fileRef = 8D3B750322D4390E00A937F1 /* ArrayExtention.swift */; };
		8D3B750622D439A700A937F1 /* GridViewModel.swift in Sources */ = {isa = PBXBuildFile; fileRef = 8D3B750522D439A700A937F1 /* GridViewModel.swift */; };
		8D8D292F22D1276900FBE05E /* ContentViewNavigation.swift in Sources */ = {isa = PBXBuildFile; fileRef = 8D8D292E22D1276900FBE05E /* ContentViewNavigation.swift */; };
		8D8D293322D1280300FBE05E /* Hike.swift in Sources */ = {isa = PBXBuildFile; fileRef = 8D8D293222D1280300FBE05E /* Hike.swift */; };
		8DDB6CDB22D3B81900EA3547 /* MyView.swift in Sources */ = {isa = PBXBuildFile; fileRef = 8DDB6CDA22D3B81900EA3547 /* MyView.swift */; };
		8DDB6CDD22D3BA2400EA3547 /* MyViewModel.swift in Sources */ = {isa = PBXBuildFile; fileRef = 8DDB6CDC22D3BA2400EA3547 /* MyViewModel.swift */; };
		8DDB6CDF22D3D53D00EA3547 /* MyDetailView.swift in Sources */ = {isa = PBXBuildFile; fileRef = 8DDB6CDE22D3D53D00EA3547 /* MyDetailView.swift */; };
		8DF3AB2122C9BA1900B42163 /* AppDelegate.swift in Sources */ = {isa = PBXBuildFile; fileRef = 8DF3AB2022C9BA1900B42163 /* AppDelegate.swift */; };
		8DF3AB2322C9BA1900B42163 /* SceneDelegate.swift in Sources */ = {isa = PBXBuildFile; fileRef = 8DF3AB2222C9BA1900B42163 /* SceneDelegate.swift */; };
		8DF3AB2522C9BA1900B42163 /* ContentView.swift in Sources */ = {isa = PBXBuildFile; fileRef = 8DF3AB2422C9BA1900B42163 /* ContentView.swift */; };
		8DF3AB2722C9BA1B00B42163 /* Assets.xcassets in Resources */ = {isa = PBXBuildFile; fileRef = 8DF3AB2622C9BA1B00B42163 /* Assets.xcassets */; };
		8DF3AB2A22C9BA1B00B42163 /* Preview Assets.xcassets in Resources */ = {isa = PBXBuildFile; fileRef = 8DF3AB2922C9BA1B00B42163 /* Preview Assets.xcassets */; };
		8DF3AB2D22C9BA1B00B42163 /* LaunchScreen.storyboard in Resources */ = {isa = PBXBuildFile; fileRef = 8DF3AB2B22C9BA1B00B42163 /* LaunchScreen.storyboard */; };
		8DF5D8E422D7F8FC003C997E /* StateAndBindingView.swift in Sources */ = {isa = PBXBuildFile; fileRef = 8DF5D8E322D7F8FC003C997E /* StateAndBindingView.swift */; };
		8DF5D8E622D7FB8C003C997E /* StateAndBindingListExampleView.swift in Sources */ = {isa = PBXBuildFile; fileRef = 8DF5D8E522D7FB8C003C997E /* StateAndBindingListExampleView.swift */; };
		8DF5D8ED22D7FD61003C997E /* Model.swift in Sources */ = {isa = PBXBuildFile; fileRef = 8DF5D8EC22D7FD61003C997E /* Model.swift */; };
/* End PBXBuildFile section */

/* Begin PBXFileReference section */
		8D0C7DC322DA5AFF00692280 /* TextModel.swift */ = {isa = PBXFileReference; lastKnownFileType = sourcecode.swift; path = TextModel.swift; sourceTree = "<group>"; };
		8D0C7DC522DA5B2900692280 /* TestView.swift */ = {isa = PBXFileReference; lastKnownFileType = sourcecode.swift; path = TestView.swift; sourceTree = "<group>"; };
		8D0C7DC822DA5FA800692280 /* AddMeButton.swift */ = {isa = PBXFileReference; lastKnownFileType = sourcecode.swift; path = AddMeButton.swift; sourceTree = "<group>"; };
		8D13E63A22DC2E7D00BF8D0B /* DishView.swift */ = {isa = PBXFileReference; lastKnownFileType = sourcecode.swift; path = DishView.swift; sourceTree = "<group>"; };
		8D13E63C22DC2E9600BF8D0B /* DishModel.swift */ = {isa = PBXFileReference; lastKnownFileType = sourcecode.swift; path = DishModel.swift; sourceTree = "<group>"; };
		8D1AD94122DBB33400635104 /* RemoveButton.swift */ = {isa = PBXFileReference; lastKnownFileType = sourcecode.swift; path = RemoveButton.swift; sourceTree = "<group>"; };
		8D1AD94322DBB3C400635104 /* RemoveAllButton.swift */ = {isa = PBXFileReference; lastKnownFileType = sourcecode.swift; path = RemoveAllButton.swift; sourceTree = "<group>"; };
		8D1AD94622DBB52200635104 /* AddMeView.swift */ = {isa = PBXFileReference; lastKnownFileType = sourcecode.swift; path = AddMeView.swift; sourceTree = "<group>"; };
		8D1AD94822DBB5A000635104 /* AddMeModel.swift */ = {isa = PBXFileReference; lastKnownFileType = sourcecode.swift; path = AddMeModel.swift; sourceTree = "<group>"; };
		8D3B74FE22D42FE500A937F1 /* GridContentView.swift */ = {isa = PBXFileReference; lastKnownFileType = sourcecode.swift; path = GridContentView.swift; sourceTree = "<group>"; };
		8D3B750322D4390E00A937F1 /* ArrayExtention.swift */ = {isa = PBXFileReference; lastKnownFileType = sourcecode.swift; path = ArrayExtention.swift; sourceTree = "<group>"; };
		8D3B750522D439A700A937F1 /* GridViewModel.swift */ = {isa = PBXFileReference; lastKnownFileType = sourcecode.swift; path = GridViewModel.swift; sourceTree = "<group>"; };
		8D8D292E22D1276900FBE05E /* ContentViewNavigation.swift */ = {isa = PBXFileReference; lastKnownFileType = sourcecode.swift; path = ContentViewNavigation.swift; sourceTree = "<group>"; };
		8D8D293222D1280300FBE05E /* Hike.swift */ = {isa = PBXFileReference; lastKnownFileType = sourcecode.swift; path = Hike.swift; sourceTree = "<group>"; };
		8DDB6CDA22D3B81900EA3547 /* MyView.swift */ = {isa = PBXFileReference; lastKnownFileType = sourcecode.swift; path = MyView.swift; sourceTree = "<group>"; };
		8DDB6CDC22D3BA2400EA3547 /* MyViewModel.swift */ = {isa = PBXFileReference; lastKnownFileType = sourcecode.swift; path = MyViewModel.swift; sourceTree = "<group>"; };
		8DDB6CDE22D3D53D00EA3547 /* MyDetailView.swift */ = {isa = PBXFileReference; lastKnownFileType = sourcecode.swift; path = MyDetailView.swift; sourceTree = "<group>"; };
		8DF3AB1D22C9BA1900B42163 /* Udemy.app */ = {isa = PBXFileReference; explicitFileType = wrapper.application; includeInIndex = 0; path = Udemy.app; sourceTree = BUILT_PRODUCTS_DIR; };
		8DF3AB2022C9BA1900B42163 /* AppDelegate.swift */ = {isa = PBXFileReference; lastKnownFileType = sourcecode.swift; path = AppDelegate.swift; sourceTree = "<group>"; };
		8DF3AB2222C9BA1900B42163 /* SceneDelegate.swift */ = {isa = PBXFileReference; lastKnownFileType = sourcecode.swift; path = SceneDelegate.swift; sourceTree = "<group>"; };
		8DF3AB2422C9BA1900B42163 /* ContentView.swift */ = {isa = PBXFileReference; lastKnownFileType = sourcecode.swift; path = ContentView.swift; sourceTree = "<group>"; };
		8DF3AB2622C9BA1B00B42163 /* Assets.xcassets */ = {isa = PBXFileReference; lastKnownFileType = folder.assetcatalog; path = Assets.xcassets; sourceTree = "<group>"; };
		8DF3AB2922C9BA1B00B42163 /* Preview Assets.xcassets */ = {isa = PBXFileReference; lastKnownFileType = folder.assetcatalog; path = "Preview Assets.xcassets"; sourceTree = "<group>"; };
		8DF3AB2C22C9BA1B00B42163 /* Base */ = {isa = PBXFileReference; lastKnownFileType = file.storyboard; name = Base; path = Base.lproj/LaunchScreen.storyboard; sourceTree = "<group>"; };
		8DF3AB2E22C9BA1B00B42163 /* Info.plist */ = {isa = PBXFileReference; lastKnownFileType = text.plist.xml; path = Info.plist; sourceTree = "<group>"; };
		8DF5D8E322D7F8FC003C997E /* StateAndBindingView.swift */ = {isa = PBXFileReference; lastKnownFileType = sourcecode.swift; path = StateAndBindingView.swift; sourceTree = "<group>"; };
		8DF5D8E522D7FB8C003C997E /* StateAndBindingListExampleView.swift */ = {isa = PBXFileReference; lastKnownFileType = sourcecode.swift; path = StateAndBindingListExampleView.swift; sourceTree = "<group>"; };
		8DF5D8EC22D7FD61003C997E /* Model.swift */ = {isa = PBXFileReference; lastKnownFileType = sourcecode.swift; path = Model.swift; sourceTree = "<group>"; };
/* End PBXFileReference section */

/* Begin PBXFrameworksBuildPhase section */
		8DF3AB1A22C9BA1900B42163 /* Frameworks */ = {
			isa = PBXFrameworksBuildPhase;
			buildActionMask = 2147483647;
			files = (
			);
			runOnlyForDeploymentPostprocessing = 0;
		};
/* End PBXFrameworksBuildPhase section */

/* Begin PBXGroup section */
		8D05A33A22D6C63200F519D8 /* SecondView */ = {
			isa = PBXGroup;
			children = (
			);
			path = SecondView;
			sourceTree = "<group>";
		};
		8D05A33B22D6C63A00F519D8 /* SecondModel */ = {
			isa = PBXGroup;
			children = (
			);
			path = SecondModel;
			sourceTree = "<group>";
		};
		8D0C7DC222DA5AE600692280 /* TestView */ = {
			isa = PBXGroup;
			children = (
				8D0C7DC722DA5F8400692280 /* Buttons */,
				8D0C7DC322DA5AFF00692280 /* TextModel.swift */,
				8D0C7DC522DA5B2900692280 /* TestView.swift */,
			);
			path = TestView;
			sourceTree = "<group>";
		};
		8D0C7DC722DA5F8400692280 /* Buttons */ = {
			isa = PBXGroup;
			children = (
				8D0C7DC822DA5FA800692280 /* AddMeButton.swift */,
				8D1AD94122DBB33400635104 /* RemoveButton.swift */,
				8D1AD94322DBB3C400635104 /* RemoveAllButton.swift */,
			);
			path = Buttons;
			sourceTree = "<group>";
		};
		8D13E63822DC2E4C00BF8D0B /* All */ = {
			isa = PBXGroup;
			children = (
				8D8D293422D141EE00FBE05E /* UdemyView */,
				8DDB6CD922D3B80800EA3547 /* MyModel */,
				8DDB6CD822D3B80000EA3547 /* MyView */,
				8D3B74FD22D42FBA00A937F1 /* Grid-Demo */,
				8D05A33B22D6C63A00F519D8 /* SecondModel */,
				8DF5D8E122D7F8DD003C997E /* StateAndBinding */,
				8D05A33A22D6C63200F519D8 /* SecondView */,
				8D0C7DC222DA5AE600692280 /* TestView */,
				8D1AD94522DBB50E00635104 /* AddMe */,
			);
			path = All;
			sourceTree = "<group>";
		};
		8D13E63922DC2E7000BF8D0B /* Dish */ = {
			isa = PBXGroup;
			children = (
				8D13E63A22DC2E7D00BF8D0B /* DishView.swift */,
				8D13E63C22DC2E9600BF8D0B /* DishModel.swift */,
			);
			path = Dish;
			sourceTree = "<group>";
		};
		8D1AD94522DBB50E00635104 /* AddMe */ = {
			isa = PBXGroup;
			children = (
				8D1AD94622DBB52200635104 /* AddMeView.swift */,
				8D1AD94822DBB5A000635104 /* AddMeModel.swift */,
			);
			path = AddMe;
			sourceTree = "<group>";
		};
		8D3B74FD22D42FBA00A937F1 /* Grid-Demo */ = {
			isa = PBXGroup;
			children = (
				8D3B750022D438CE00A937F1 /* View */,
				8D3B750122D438DE00A937F1 /* Model */,
				8D3B750222D438E300A937F1 /* Extention */,
			);
			path = "Grid-Demo";
			sourceTree = "<group>";
		};
		8D3B750022D438CE00A937F1 /* View */ = {
			isa = PBXGroup;
			children = (
				8D3B74FE22D42FE500A937F1 /* GridContentView.swift */,
			);
			path = View;
			sourceTree = "<group>";
		};
		8D3B750122D438DE00A937F1 /* Model */ = {
			isa = PBXGroup;
			children = (
				8D3B750522D439A700A937F1 /* GridViewModel.swift */,
			);
			path = Model;
			sourceTree = "<group>";
		};
		8D3B750222D438E300A937F1 /* Extention */ = {
			isa = PBXGroup;
			children = (
				8D3B750322D4390E00A937F1 /* ArrayExtention.swift */,
			);
			path = Extention;
			sourceTree = "<group>";
		};
		8D8D293422D141EE00FBE05E /* UdemyView */ = {
			isa = PBXGroup;
			children = (
				8D8D292E22D1276900FBE05E /* ContentViewNavigation.swift */,
				8DF3AB2422C9BA1900B42163 /* ContentView.swift */,
			);
			path = UdemyView;
			sourceTree = "<group>";
		};
		8D8D293522D1420500FBE05E /* UdemyModel */ = {
			isa = PBXGroup;
			children = (
				8D8D293222D1280300FBE05E /* Hike.swift */,
			);
			path = UdemyModel;
			sourceTree = "<group>";
		};
		8DDB6CD822D3B80000EA3547 /* MyView */ = {
			isa = PBXGroup;
			children = (
				8DDB6CDA22D3B81900EA3547 /* MyView.swift */,
				8DDB6CDE22D3D53D00EA3547 /* MyDetailView.swift */,
			);
			path = MyView;
			sourceTree = "<group>";
		};
		8DDB6CD922D3B80800EA3547 /* MyModel */ = {
			isa = PBXGroup;
			children = (
				8DDB6CDC22D3BA2400EA3547 /* MyViewModel.swift */,
			);
			path = MyModel;
			sourceTree = "<group>";
		};
		8DF3AB1422C9BA1900B42163 = {
			isa = PBXGroup;
			children = (
				8DF3AB1F22C9BA1900B42163 /* Udemy */,
				8DF3AB1E22C9BA1900B42163 /* Products */,
			);
			sourceTree = "<group>";
		};
		8DF3AB1E22C9BA1900B42163 /* Products */ = {
			isa = PBXGroup;
			children = (
				8DF3AB1D22C9BA1900B42163 /* Udemy.app */,
			);
			name = Products;
			sourceTree = "<group>";
		};
		8DF3AB1F22C9BA1900B42163 /* Udemy */ = {
			isa = PBXGroup;
			children = (
				8D13E63922DC2E7000BF8D0B /* Dish */,
				8D13E63822DC2E4C00BF8D0B /* All */,
				8D8D293522D1420500FBE05E /* UdemyModel */,
				8DF3AB2022C9BA1900B42163 /* AppDelegate.swift */,
				8DF3AB2222C9BA1900B42163 /* SceneDelegate.swift */,
				8DF3AB2622C9BA1B00B42163 /* Assets.xcassets */,
				8DF3AB2B22C9BA1B00B42163 /* LaunchScreen.storyboard */,
				8DF3AB2E22C9BA1B00B42163 /* Info.plist */,
				8DF3AB2822C9BA1B00B42163 /* Preview Content */,
			);
			path = Udemy;
			sourceTree = "<group>";
		};
		8DF3AB2822C9BA1B00B42163 /* Preview Content */ = {
			isa = PBXGroup;
			children = (
				8DF3AB2922C9BA1B00B42163 /* Preview Assets.xcassets */,
			);
			path = "Preview Content";
			sourceTree = "<group>";
		};
		8DF5D8E122D7F8DD003C997E /* StateAndBinding */ = {
			isa = PBXGroup;
			children = (
				8DF5D8E722D7FBC5003C997E /* StateAndBindingListExampleView */,
				8DF5D8E222D7F8EC003C997E /* StateAndBindingView */,
			);
			path = StateAndBinding;
			sourceTree = "<group>";
		};
		8DF5D8E222D7F8EC003C997E /* StateAndBindingView */ = {
			isa = PBXGroup;
			children = (
				8DF5D8E322D7F8FC003C997E /* StateAndBindingView.swift */,
			);
			path = StateAndBindingView;
			sourceTree = "<group>";
		};
		8DF5D8E722D7FBC5003C997E /* StateAndBindingListExampleView */ = {
			isa = PBXGroup;
			children = (
				8DF5D8E522D7FB8C003C997E /* StateAndBindingListExampleView.swift */,
				8DF5D8EC22D7FD61003C997E /* Model.swift */,
			);
			path = StateAndBindingListExampleView;
			sourceTree = "<group>";
		};
/* End PBXGroup section */

/* Begin PBXNativeTarget section */
		8DF3AB1C22C9BA1900B42163 /* Udemy */ = {
			isa = PBXNativeTarget;
			buildConfigurationList = 8DF3AB3122C9BA1B00B42163 /* Build configuration list for PBXNativeTarget "Udemy" */;
			buildPhases = (
				8DF3AB1922C9BA1900B42163 /* Sources */,
				8DF3AB1A22C9BA1900B42163 /* Frameworks */,
				8DF3AB1B22C9BA1900B42163 /* Resources */,
			);
			buildRules = (
			);
			dependencies = (
			);
			name = Udemy;
			productName = Udemy;
			productReference = 8DF3AB1D22C9BA1900B42163 /* Udemy.app */;
			productType = "com.apple.product-type.application";
		};
/* End PBXNativeTarget section */

/* Begin PBXProject section */
		8DF3AB1522C9BA1900B42163 /* Project object */ = {
			isa = PBXProject;
			attributes = {
				LastSwiftUpdateCheck = 1100;
				LastUpgradeCheck = 1100;
				ORGANIZATIONNAME = "tilekbek kadyrov";
				TargetAttributes = {
					8DF3AB1C22C9BA1900B42163 = {
						CreatedOnToolsVersion = 11.0;
					};
				};
			};
			buildConfigurationList = 8DF3AB1822C9BA1900B42163 /* Build configuration list for PBXProject "Udemy" */;
			compatibilityVersion = "Xcode 9.3";
			developmentRegion = en;
			hasScannedForEncodings = 0;
			knownRegions = (
				en,
				Base,
			);
			mainGroup = 8DF3AB1422C9BA1900B42163;
			productRefGroup = 8DF3AB1E22C9BA1900B42163 /* Products */;
			projectDirPath = "";
			projectRoot = "";
			targets = (
				8DF3AB1C22C9BA1900B42163 /* Udemy */,
			);
		};
/* End PBXProject section */

/* Begin PBXResourcesBuildPhase section */
		8DF3AB1B22C9BA1900B42163 /* Resources */ = {
			isa = PBXResourcesBuildPhase;
			buildActionMask = 2147483647;
			files = (
				8DF3AB2D22C9BA1B00B42163 /* LaunchScreen.storyboard in Resources */,
				8DF3AB2A22C9BA1B00B42163 /* Preview Assets.xcassets in Resources */,
				8DF3AB2722C9BA1B00B42163 /* Assets.xcassets in Resources */,
			);
			runOnlyForDeploymentPostprocessing = 0;
		};
/* End PBXResourcesBuildPhase section */

/* Begin PBXSourcesBuildPhase section */
		8DF3AB1922C9BA1900B42163 /* Sources */ = {
			isa = PBXSourcesBuildPhase;
			buildActionMask = 2147483647;
			files = (
				8D13E63D22DC2E9600BF8D0B /* DishModel.swift in Sources */,
				8DDB6CDB22D3B81900EA3547 /* MyView.swift in Sources */,
				8DDB6CDF22D3D53D00EA3547 /* MyDetailView.swift in Sources */,
				8D3B750622D439A700A937F1 /* GridViewModel.swift in Sources */,
				8D8D293322D1280300FBE05E /* Hike.swift in Sources */,
				8D0C7DC622DA5B2900692280 /* TestView.swift in Sources */,
				8DF5D8E622D7FB8C003C997E /* StateAndBindingListExampleView.swift in Sources */,
				8D3B750422D4390E00A937F1 /* ArrayExtention.swift in Sources */,
				8D1AD94422DBB3C400635104 /* RemoveAllButton.swift in Sources */,
				8D1AD94722DBB52200635104 /* AddMeView.swift in Sources */,
				8D1AD94922DBB5A000635104 /* AddMeModel.swift in Sources */,
				8D0C7DC422DA5AFF00692280 /* TextModel.swift in Sources */,
				8D3B74FF22D42FE500A937F1 /* GridContentView.swift in Sources */,
				8DF5D8ED22D7FD61003C997E /* Model.swift in Sources */,
				8D8D292F22D1276900FBE05E /* ContentViewNavigation.swift in Sources */,
				8D13E63B22DC2E7D00BF8D0B /* DishView.swift in Sources */,
				8DF5D8E422D7F8FC003C997E /* StateAndBindingView.swift in Sources */,
				8DF3AB2122C9BA1900B42163 /* AppDelegate.swift in Sources */,
				8DF3AB2322C9BA1900B42163 /* SceneDelegate.swift in Sources */,
				8DDB6CDD22D3BA2400EA3547 /* MyViewModel.swift in Sources */,
				8D0C7DC922DA5FA800692280 /* AddMeButton.swift in Sources */,
				8DF3AB2522C9BA1900B42163 /* ContentView.swift in Sources */,
				8D1AD94222DBB33400635104 /* RemoveButton.swift in Sources */,
			);
			runOnlyForDeploymentPostprocessing = 0;
		};
/* End PBXSourcesBuildPhase section */

/* Begin PBXVariantGroup section */
		8DF3AB2B22C9BA1B00B42163 /* LaunchScreen.storyboard */ = {
			isa = PBXVariantGroup;
			children = (
				8DF3AB2C22C9BA1B00B42163 /* Base */,
			);
			name = LaunchScreen.storyboard;
			sourceTree = "<group>";
		};
/* End PBXVariantGroup section */

/* Begin XCBuildConfiguration section */
		8DF3AB2F22C9BA1B00B42163 /* Debug */ = {
			isa = XCBuildConfiguration;
			buildSettings = {
				ALWAYS_SEARCH_USER_PATHS = NO;
				CLANG_ANALYZER_NONNULL = YES;
				CLANG_ANALYZER_NUMBER_OBJECT_CONVERSION = YES_AGGRESSIVE;
				CLANG_CXX_LANGUAGE_STANDARD = "gnu++14";
				CLANG_CXX_LIBRARY = "libc++";
				CLANG_ENABLE_MODULES = YES;
				CLANG_ENABLE_OBJC_ARC = YES;
				CLANG_ENABLE_OBJC_WEAK = YES;
				CLANG_WARN_BLOCK_CAPTURE_AUTORELEASING = YES;
				CLANG_WARN_BOOL_CONVERSION = YES;
				CLANG_WARN_COMMA = YES;
				CLANG_WARN_CONSTANT_CONVERSION = YES;
				CLANG_WARN_DEPRECATED_OBJC_IMPLEMENTATIONS = YES;
				CLANG_WARN_DIRECT_OBJC_ISA_USAGE = YES_ERROR;
				CLANG_WARN_DOCUMENTATION_COMMENTS = YES;
				CLANG_WARN_EMPTY_BODY = YES;
				CLANG_WARN_ENUM_CONVERSION = YES;
				CLANG_WARN_INFINITE_RECURSION = YES;
				CLANG_WARN_INT_CONVERSION = YES;
				CLANG_WARN_NON_LITERAL_NULL_CONVERSION = YES;
				CLANG_WARN_OBJC_IMPLICIT_RETAIN_SELF = YES;
				CLANG_WARN_OBJC_LITERAL_CONVERSION = YES;
				CLANG_WARN_OBJC_ROOT_CLASS = YES_ERROR;
				CLANG_WARN_RANGE_LOOP_ANALYSIS = YES;
				CLANG_WARN_STRICT_PROTOTYPES = YES;
				CLANG_WARN_SUSPICIOUS_MOVE = YES;
				CLANG_WARN_UNGUARDED_AVAILABILITY = YES_AGGRESSIVE;
				CLANG_WARN_UNREACHABLE_CODE = YES;
				CLANG_WARN__DUPLICATE_METHOD_MATCH = YES;
				COPY_PHASE_STRIP = NO;
				DEBUG_INFORMATION_FORMAT = dwarf;
				ENABLE_STRICT_OBJC_MSGSEND = YES;
				ENABLE_TESTABILITY = YES;
				GCC_C_LANGUAGE_STANDARD = gnu11;
				GCC_DYNAMIC_NO_PIC = NO;
				GCC_NO_COMMON_BLOCKS = YES;
				GCC_OPTIMIZATION_LEVEL = 0;
				GCC_PREPROCESSOR_DEFINITIONS = (
					"DEBUG=1",
					"$(inherited)",
				);
				GCC_WARN_64_TO_32_BIT_CONVERSION = YES;
				GCC_WARN_ABOUT_RETURN_TYPE = YES_ERROR;
				GCC_WARN_UNDECLARED_SELECTOR = YES;
				GCC_WARN_UNINITIALIZED_AUTOS = YES_AGGRESSIVE;
				GCC_WARN_UNUSED_FUNCTION = YES;
				GCC_WARN_UNUSED_VARIABLE = YES;
				IPHONEOS_DEPLOYMENT_TARGET = 13.0;
				MTL_ENABLE_DEBUG_INFO = INCLUDE_SOURCE;
				MTL_FAST_MATH = YES;
				ONLY_ACTIVE_ARCH = YES;
				SDKROOT = iphoneos;
				SWIFT_ACTIVE_COMPILATION_CONDITIONS = DEBUG;
				SWIFT_OPTIMIZATION_LEVEL = "-Onone";
			};
			name = Debug;
		};
		8DF3AB3022C9BA1B00B42163 /* Release */ = {
			isa = XCBuildConfiguration;
			buildSettings = {
				ALWAYS_SEARCH_USER_PATHS = NO;
				CLANG_ANALYZER_NONNULL = YES;
				CLANG_ANALYZER_NUMBER_OBJECT_CONVERSION = YES_AGGRESSIVE;
				CLANG_CXX_LANGUAGE_STANDARD = "gnu++14";
				CLANG_CXX_LIBRARY = "libc++";
				CLANG_ENABLE_MODULES = YES;
				CLANG_ENABLE_OBJC_ARC = YES;
				CLANG_ENABLE_OBJC_WEAK = YES;
				CLANG_WARN_BLOCK_CAPTURE_AUTORELEASING = YES;
				CLANG_WARN_BOOL_CONVERSION = YES;
				CLANG_WARN_COMMA = YES;
				CLANG_WARN_CONSTANT_CONVERSION = YES;
				CLANG_WARN_DEPRECATED_OBJC_IMPLEMENTATIONS = YES;
				CLANG_WARN_DIRECT_OBJC_ISA_USAGE = YES_ERROR;
				CLANG_WARN_DOCUMENTATION_COMMENTS = YES;
				CLANG_WARN_EMPTY_BODY = YES;
				CLANG_WARN_ENUM_CONVERSION = YES;
				CLANG_WARN_INFINITE_RECURSION = YES;
				CLANG_WARN_INT_CONVERSION = YES;
				CLANG_WARN_NON_LITERAL_NULL_CONVERSION = YES;
				CLANG_WARN_OBJC_IMPLICIT_RETAIN_SELF = YES;
				CLANG_WARN_OBJC_LITERAL_CONVERSION = YES;
				CLANG_WARN_OBJC_ROOT_CLASS = YES_ERROR;
				CLANG_WARN_RANGE_LOOP_ANALYSIS = YES;
				CLANG_WARN_STRICT_PROTOTYPES = YES;
				CLANG_WARN_SUSPICIOUS_MOVE = YES;
				CLANG_WARN_UNGUARDED_AVAILABILITY = YES_AGGRESSIVE;
				CLANG_WARN_UNREACHABLE_CODE = YES;
				CLANG_WARN__DUPLICATE_METHOD_MATCH = YES;
				COPY_PHASE_STRIP = NO;
				DEBUG_INFORMATION_FORMAT = "dwarf-with-dsym";
				ENABLE_NS_ASSERTIONS = NO;
				ENABLE_STRICT_OBJC_MSGSEND = YES;
				GCC_C_LANGUAGE_STANDARD = gnu11;
				GCC_NO_COMMON_BLOCKS = YES;
				GCC_WARN_64_TO_32_BIT_CONVERSION = YES;
				GCC_WARN_ABOUT_RETURN_TYPE = YES_ERROR;
				GCC_WARN_UNDECLARED_SELECTOR = YES;
				GCC_WARN_UNINITIALIZED_AUTOS = YES_AGGRESSIVE;
				GCC_WARN_UNUSED_FUNCTION = YES;
				GCC_WARN_UNUSED_VARIABLE = YES;
				IPHONEOS_DEPLOYMENT_TARGET = 13.0;
				MTL_ENABLE_DEBUG_INFO = NO;
				MTL_FAST_MATH = YES;
				SDKROOT = iphoneos;
				SWIFT_COMPILATION_MODE = wholemodule;
				SWIFT_OPTIMIZATION_LEVEL = "-O";
				VALIDATE_PRODUCT = YES;
			};
			name = Release;
		};
		8DF3AB3222C9BA1B00B42163 /* Debug */ = {
			isa = XCBuildConfiguration;
			buildSettings = {
				ASSETCATALOG_COMPILER_APPICON_NAME = AppIcon;
				CODE_SIGN_STYLE = Automatic;
				DEVELOPMENT_ASSET_PATHS = "Udemy/Preview\\ Content";
				ENABLE_PREVIEWS = YES;
				INFOPLIST_FILE = Udemy/Info.plist;
				LD_RUNPATH_SEARCH_PATHS = (
					"$(inherited)",
					"@executable_path/Frameworks",
				);
				PRODUCT_BUNDLE_IDENTIFIER = FirstTrial.Udemy;
				PRODUCT_NAME = "$(TARGET_NAME)";
				SWIFT_VERSION = 5.0;
				TARGETED_DEVICE_FAMILY = "1,2";
			};
			name = Debug;
		};
		8DF3AB3322C9BA1B00B42163 /* Release */ = {
			isa = XCBuildConfiguration;
			buildSettings = {
				ASSETCATALOG_COMPILER_APPICON_NAME = AppIcon;
				CODE_SIGN_STYLE = Automatic;
				DEVELOPMENT_ASSET_PATHS = "Udemy/Preview\\ Content";
				ENABLE_PREVIEWS = YES;
				INFOPLIST_FILE = Udemy/Info.plist;
				LD_RUNPATH_SEARCH_PATHS = (
					"$(inherited)",
					"@executable_path/Frameworks",
				);
				PRODUCT_BUNDLE_IDENTIFIER = FirstTrial.Udemy;
				PRODUCT_NAME = "$(TARGET_NAME)";
				SWIFT_VERSION = 5.0;
				TARGETED_DEVICE_FAMILY = "1,2";
			};
			name = Release;
		};
/* End XCBuildConfiguration section */

/* Begin XCConfigurationList section */
		8DF3AB1822C9BA1900B42163 /* Build configuration list for PBXProject "Udemy" */ = {
			isa = XCConfigurationList;
			buildConfigurations = (
				8DF3AB2F22C9BA1B00B42163 /* Debug */,
				8DF3AB3022C9BA1B00B42163 /* Release */,
			);
			defaultConfigurationIsVisible = 0;
			defaultConfigurationName = Release;
		};
		8DF3AB3122C9BA1B00B42163 /* Build configuration list for PBXNativeTarget "Udemy" */ = {
			isa = XCConfigurationList;
			buildConfigurations = (
				8DF3AB3222C9BA1B00B42163 /* Debug */,
				8DF3AB3322C9BA1B00B42163 /* Release */,
			);
			defaultConfigurationIsVisible = 0;
			defaultConfigurationName = Release;
		};
/* End XCConfigurationList section */
	};
	rootObject = 8DF3AB1522C9BA1900B42163 /* Project object */;
}
